
Microsoft Visual Studio Solution File, Format Version 12.00
# Visual Studio Version 17
VisualStudioVersion = 17.10.35004.147
MinimumVisualStudioVersion = 10.0.40219.1
Project("{FAE04EC0-301F-11D3-BF4B-00C04F79EFBC}") = "DownloaderAplikacija", "DownloaderAplikacija.csproj", "{68F58449-A3A5-4CA0-A96B-6D6827478C26}"
EndProject
Global
	GlobalSection(SolutionConfigurationPlatforms) = preSolution
		Debug|Any CPU = Debug|Any CPU
		Release|Any CPU = Release|Any CPU
	EndGlobalSection
	GlobalSection(ProjectConfigurationPlatforms) = postSolution
		{68F58449-A3A5-4CA0-A96B-6D6827478C26}.Debug|Any CPU.ActiveCfg = Debug|Any CPU
		{68F58449-A3A5-4CA0-A96B-6D6827478C26}.Debug|Any CPU.Build.0 = Debug|Any CPU
		{68F58449-A3A5-4CA0-A96B-6D6827478C26}.Release|Any CPU.ActiveCfg = Release|Any CPU
		{68F58449-A3A5-4CA0-A96B-6D6827478C26}.Release|Any CPU.Build.0 = Release|Any CPU
	EndGlobalSection
	GlobalSection(SolutionProperties) = preSolution
		HideSolutionNode = FALSE
	EndGlobalSection
	GlobalSection(ExtensibilityGlobals) = postSolution
		SolutionGuid = {E89A0E41-B1AC-4478-8E6D-AFA1DF8825EA}
	EndGlobalSection
EndGlobal
